# THIS IS AN AUTOGENERATED FILE. DO NOT EDIT THIS FILE DIRECTLY.
# yarn lockfile v1


"@babel/code-frame@^7.0.0":
  version "7.10.4"
  resolved "https://registry.npm.taobao.org/@babel/code-frame/download/@babel/code-frame-7.10.4.tgz#168da1a36e90da68ae8d49c0f1b48c7c6249213a"
  integrity sha1-Fo2ho26Q2miujUnA8bSMfGJJITo=
  dependencies:
    "@babel/highlight" "^7.10.4"

"@babel/helper-validator-identifier@^7.10.4":
  version "7.10.4"
  resolved "https://registry.npm.taobao.org/@babel/helper-validator-identifier/download/@babel/helper-validator-identifier-7.10.4.tgz?cache=0&sync_timestamp=1593522720715&other_urls=https%3A%2F%2Fregistry.npm.taobao.org%2F%40babel%2Fhelper-validator-identifier%2Fdownload%2F%40babel%2Fhelper-validator-identifier-7.10.4.tgz#a78c7a7251e01f616512d31b10adcf52ada5e0d2"
  integrity sha1-p4x6clHgH2FlEtMbEK3PUq2l4NI=

"@babel/highlight@^7.10.4":
  version "7.10.4"
  resolved "https://registry.npm.taobao.org/@babel/highlight/download/@babel/highlight-7.10.4.tgz?cache=0&sync_timestamp=1593521118780&other_urls=https%3A%2F%2Fregistry.npm.taobao.org%2F%40babel%2Fhighlight%2Fdownload%2F%40babel%2Fhighlight-7.10.4.tgz#7d1bdfd65753538fabe6c38596cdb76d9ac60143"
  integrity sha1-fRvf1ldTU4+r5sOFls23bZrGAUM=
  dependencies:
    "@babel/helper-validator-identifier" "^7.10.4"
    chalk "^2.0.0"
    js-tokens "^4.0.0"

"@types/node@*":
  version "14.14.8"
  resolved "https://registry.npm.taobao.org/@types/node/download/@types/node-14.14.8.tgz?cache=0&sync_timestamp=1605656755365&other_urls=https%3A%2F%2Fregistry.npm.taobao.org%2F%40types%2Fnode%2Fdownload%2F%40types%2Fnode-14.14.8.tgz#2127bd81949a95c8b7d3240f3254352d72563aec"
  integrity sha1-ISe9gZSalci30yQPMlQ1LXJWOuw=

"@types/resolve@0.0.8":
  version "0.0.8"
  resolved "https://registry.npm.taobao.org/@types/resolve/download/@types/resolve-0.0.8.tgz?cache=0&sync_timestamp=1605057255654&other_urls=https%3A%2F%2Fregistry.npm.taobao.org%2F%40types%2Fresolve%2Fdownload%2F%40types%2Fresolve-0.0.8.tgz#f26074d238e02659e323ce1a13d041eee280e194"
  integrity sha1-8mB00jjgJlnjI84aE9BB7uKA4ZQ=
  dependencies:
    "@types/node" "*"

ansi-styles@^3.2.1:
  version "3.2.1"
  resolved "https://registry.npm.taobao.org/ansi-styles/download/ansi-styles-3.2.1.tgz#41fbb20243e50b12be0f04b8dedbf07520ce841d"
  integrity sha1-QfuyAkPlCxK+DwS43tvwdSDOhB0=
  dependencies:
    color-convert "^1.9.0"

builtin-modules@^3.1.0:
  version "3.1.0"
  resolved "https://registry.npm.taobao.org/builtin-modules/download/builtin-modules-3.1.0.tgz#aad97c15131eb76b65b50ef208e7584cd76a7484"
  integrity sha1-qtl8FRMet2tltQ7yCOdYTNdqdIQ=

chalk@^2.0.0:
  version "2.4.2"
  resolved "https://registry.npm.taobao.org/chalk/download/chalk-2.4.2.tgz#cd42541677a54333cf541a49108c1432b44c9424"
  integrity sha1-zUJUFnelQzPPVBpJEIwUMrRMlCQ=
  dependencies:
    ansi-styles "^3.2.1"
    escape-string-regexp "^1.0.5"
    supports-color "^5.3.0"

color-convert@^1.9.0:
  version "1.9.3"
  resolved "https://registry.npm.taobao.org/color-convert/download/color-convert-1.9.3.tgz#bb71850690e1f136567de629d2d5471deda4c1e8"
  integrity sha1-u3GFBpDh8TZWfeYp0tVHHe2kweg=
  dependencies:
    color-name "1.1.3"

color-name@1.1.3:
  version "1.1.3"
  resolved "https://registry.npm.taobao.org/color-name/download/color-name-1.1.3.tgz#a7d0558bd89c42f795dd42328f740831ca53bc25"
  integrity sha1-p9BVi9icQveV3UIyj3QIMcpTvCU=

escape-string-regexp@^1.0.5:
  version "1.0.5"
  resolved "https://registry.npm.taobao.org/escape-string-regexp/download/escape-string-regexp-1.0.5.tgz#1b61c0562190a8dff6ae3bb2cf0200ca130b86d4"
  integrity sha1-G2HAViGQqN/2rjuyzwIAyhMLhtQ=

estree-walker@^0.6.1:
  version "0.6.1"
  resolved "https://registry.npm.taobao.org/estree-walker/download/estree-walker-0.6.1.tgz#53049143f40c6eb918b23671d1fe3219f3a1b362"
  integrity sha1-UwSRQ/QMbrkYsjZx0f4yGfOhs2I=

fsevents@~2.1.2:
  version "2.1.3"
  resolved "https://registry.npm.taobao.org/fsevents/download/fsevents-2.1.3.tgz?cache=0&sync_timestamp=1604595212408&other_urls=https%3A%2F%2Fregistry.npm.taobao.org%2Ffsevents%2Fdownload%2Ffsevents-2.1.3.tgz#fb738703ae8d2f9fe900c33836ddebee8b97f23e"
  integrity sha1-+3OHA66NL5/pAMM4Nt3r7ouX8j4=

function-bind@^1.1.1:
  version "1.1.1"
  resolved "https://registry.npm.taobao.org/function-bind/download/function-bind-1.1.1.tgz#a56899d3ea3c9bab874bb9773b7c5ede92f4895d"
  integrity sha1-pWiZ0+o8m6uHS7l3O3xe3pL0iV0=

has-flag@^3.0.0:
  version "3.0.0"
  resolved "https://registry.npm.taobao.org/has-flag/download/has-flag-3.0.0.tgz#b5d454dc2199ae225699f3467e5a07f3b955bafd"
  integrity sha1-tdRU3CGZriJWmfNGfloH87lVuv0=

has@^1.0.3:
  version "1.0.3"
  resolved "https://registry.npm.taobao.org/has/download/has-1.0.3.tgz#722d7cbfc1f6aa8241f16dd814e011e1f41e8796"
  integrity sha1-ci18v8H2qoJB8W3YFOAR4fQeh5Y=
  dependencies:
    function-bind "^1.1.1"

is-core-module@^2.1.0:
  version "2.1.0"
  resolved "https://registry.npm.taobao.org/is-core-module/download/is-core-module-2.1.0.tgz?cache=0&sync_timestamp=1604519286051&other_urls=https%3A%2F%2Fregistry.npm.taobao.org%2Fis-core-module%2Fdownload%2Fis-core-module-2.1.0.tgz#a4cc031d9b1aca63eecbd18a650e13cb4eeab946"
  integrity sha1-pMwDHZsaymPuy9GKZQ4Ty07quUY=
  dependencies:
    has "^1.0.3"

is-module@^1.0.0:
  version "1.0.0"
  resolved "https://registry.npm.taobao.org/is-module/download/is-module-1.0.0.tgz#3258fb69f78c14d5b815d664336b4cffb6441591"
  integrity sha1-Mlj7afeMFNW4FdZkM2tM/7ZEFZE=

jest-worker@^24.0.0:
  version "24.9.0"
  resolved "https://registry.npm.taobao.org/jest-worker/download/jest-worker-24.9.0.tgz?cache=0&sync_timestamp=1604319657366&other_urls=https%3A%2F%2Fregistry.npm.taobao.org%2Fjest-worker%2Fdownload%2Fjest-worker-24.9.0.tgz#5dbfdb5b2d322e98567898238a9697bcce67b3e5"
  integrity sha1-Xb/bWy0yLphWeJgjipaXvM5ns+U=
  dependencies:
    merge-stream "^2.0.0"
    supports-color "^6.1.0"

js-tokens@^4.0.0:
  version "4.0.0"
  resolved "https://registry.npm.taobao.org/js-tokens/download/js-tokens-4.0.0.tgz#19203fb59991df98e3a287050d4647cdeaf32499"
  integrity sha1-GSA/tZmR35jjoocFDUZHzerzJJk=

merge-stream@^2.0.0:
  version "2.0.0"
  resolved "https://registry.npm.taobao.org/merge-stream/download/merge-stream-2.0.0.tgz#52823629a14dd00c9770fb6ad47dc6310f2c1f60"
  integrity sha1-UoI2KaFN0AyXcPtq1H3GMQ8sH2A=

path-parse@^1.0.6:
  version "1.0.6"
  resolved "https://registry.npm.taobao.org/path-parse/download/path-parse-1.0.6.tgz#d62dbb5679405d72c4737ec58600e9ddcf06d24c"
  integrity sha1-1i27VnlAXXLEc37FhgDp3c8G0kw=

resolve@^1.11.1:
  version "1.19.0"
  resolved "https://registry.npm.taobao.org/resolve/download/resolve-1.19.0.tgz?cache=0&other_urls=https%3A%2F%2Fregistry.npm.taobao.org%2Fresolve%2Fdownload%2Fresolve-1.19.0.tgz#1af5bf630409734a067cae29318aac7fa29a267c"
  integrity sha1-GvW/YwQJc0oGfK4pMYqsf6KaJnw=
  dependencies:
    is-core-module "^2.1.0"
    path-parse "^1.0.6"

rollup-plugin-node-resolve@^5.2.0:
  version "5.2.0"
  resolved "https://registry.npm.taobao.org/rollup-plugin-node-resolve/download/rollup-plugin-node-resolve-5.2.0.tgz#730f93d10ed202473b1fb54a5997a7db8c6d8523"
  integrity sha1-cw+T0Q7SAkc7H7VKWZen24xthSM=
  dependencies:
    "@types/resolve" "0.0.8"
    builtin-modules "^3.1.0"
    is-module "^1.0.0"
    resolve "^1.11.1"
    rollup-pluginutils "^2.8.1"

rollup-plugin-uglify@^6.0.4:
  version "6.0.4"
  resolved "https://registry.npm.taobao.org/rollup-plugin-uglify/download/rollup-plugin-uglify-6.0.4.tgz#65a0959d91586627f1e46a7db966fd504ec6c4e6"
  integrity sha1-ZaCVnZFYZifx5Gp9uWb9UE7GxOY=
  dependencies:
    "@babel/code-frame" "^7.0.0"
    jest-worker "^24.0.0"
    serialize-javascript "^2.1.2"
    uglify-js "^3.4.9"

rollup-pluginutils@^2.8.1:
  version "2.8.2"
  resolved "https://registry.npm.taobao.org/rollup-pluginutils/download/rollup-pluginutils-2.8.2.tgz#72f2af0748b592364dbd3389e600e5a9444a351e"
  integrity sha1-cvKvB0i1kjZNvTOJ5gDlqURKNR4=
  dependencies:
    estree-walker "^0.6.1"

rollup@^2.33.3:
  version "2.33.3"
  resolved "https://registry.npm.taobao.org/rollup/download/rollup-2.33.3.tgz?cache=0&sync_timestamp=1605677265137&other_urls=https%3A%2F%2Fregistry.npm.taobao.org%2Frollup%2Fdownload%2Frollup-2.33.3.tgz#ae72ce31f992b09a580072951bfea76e9df17342"
  integrity sha1-rnLOMfmSsJpYAHKVG/6nbp3xc0I=
  optionalDependencies:
    fsevents "~2.1.2"

serialize-javascript@^2.1.2:
  version "2.1.2"
  resolved "https://registry.npm.taobao.org/serialize-javascript/download/serialize-javascript-2.1.2.tgz#ecec53b0e0317bdc95ef76ab7074b7384785fa61"
  integrity sha1-7OxTsOAxe9yV73arcHS3OEeF+mE=

supports-color@^5.3.0:
  version "5.5.0"
  resolved "https://registry.npm.taobao.org/supports-color/download/supports-color-5.5.0.tgz#e2e69a44ac8772f78a1ec0b35b689df6530efc8f"
  integrity sha1-4uaaRKyHcveKHsCzW2id9lMO/I8=
  dependencies:
    has-flag "^3.0.0"

supports-color@^6.1.0:
  version "6.1.0"
  resolved "https://registry.npm.taobao.org/supports-color/download/supports-color-6.1.0.tgz#0764abc69c63d5ac842dd4867e8d025e880df8f3"
  integrity sha1-B2Srxpxj1ayELdSGfo0CXogN+PM=
  dependencies:
    has-flag "^3.0.0"

uglify-js@^3.4.9:
  version "3.11.6"
  resolved "https://registry.npm.taobao.org/uglify-js/download/uglify-js-3.11.6.tgz?cache=0&sync_timestamp=1605368012725&other_urls=https%3A%2F%2Fregistry.npm.taobao.org%2Fuglify-js%2Fdownload%2Fuglify-js-3.11.6.tgz#144b50d3e05eadd3ad4dd047c60ca541a8cd4e9c"
  integrity sha1-FEtQ0+BerdOtTdBHxgylQajNTpw=
